
Microsoft Visual Studio Solution File, Format Version 12.00
# Visual Studio Version 17
VisualStudioVersion = 17.7.34221.43
MinimumVisualStudioVersion = 10.0.40219.1
Project("{FAE04EC0-301F-11D3-BF4B-00C04F79EFBC}") = "Vakulenko_35_2_NN", "Vakulenko_35_2_NN\Vakulenko_35_2_NN.csproj", "{81ACB87D-FB40-4FFC-B57A-4918BDAF6AA9}"
EndProject
Global
	GlobalSection(SolutionConfigurationPlatforms) = preSolution
		Debug|Any CPU = Debug|Any CPU
		Release|Any CPU = Release|Any CPU
	EndGlobalSection
	GlobalSection(ProjectConfigurationPlatforms) = postSolution
		{81ACB87D-FB40-4FFC-B57A-4918BDAF6AA9}.Debug|Any CPU.ActiveCfg = Debug|Any CPU
		{81ACB87D-FB40-4FFC-B57A-4918BDAF6AA9}.Debug|Any CPU.Build.0 = Debug|Any CPU
		{81ACB87D-FB40-4FFC-B57A-4918BDAF6AA9}.Release|Any CPU.ActiveCfg = Release|Any CPU
		{81ACB87D-FB40-4FFC-B57A-4918BDAF6AA9}.Release|Any CPU.Build.0 = Release|Any CPU
	EndGlobalSection
	GlobalSection(SolutionProperties) = preSolution
		HideSolutionNode = FALSE
	EndGlobalSection
	GlobalSection(ExtensibilityGlobals) = postSolution
		SolutionGuid = {F015A834-9941-40FD-BEC4-6FF89E9E3AC5}
	EndGlobalSection
EndGlobal
